
Microsoft Visual Studio Solution File, Format Version 12.00
# Visual Studio 15
Project("{FAE04EC0-301F-11D3-BF4B-00C04F79EFBC}") = "Assembly-CSharp", "Assembly-CSharp.csproj", "{B01FB3A0-BA28-21B8-A4B1-84FFCD7CBB9A}"
EndProject
Global
	GlobalSection(SolutionConfigurationPlatforms) = preSolution
		Debug|Any CPU = Debug|Any CPU
		Release|Any CPU = Release|Any CPU
	EndGlobalSection
	GlobalSection(ProjectConfigurationPlatforms) = postSolution
		{B01FB3A0-BA28-21B8-A4B1-84FFCD7CBB9A}.Debug|Any CPU.ActiveCfg = Debug|Any CPU
		{B01FB3A0-BA28-21B8-A4B1-84FFCD7CBB9A}.Debug|Any CPU.Build.0 = Debug|Any CPU
		{B01FB3A0-BA28-21B8-A4B1-84FFCD7CBB9A}.Release|Any CPU.ActiveCfg = Release|Any CPU
		{B01FB3A0-BA28-21B8-A4B1-84FFCD7CBB9A}.Release|Any CPU.Build.0 = Release|Any CPU
	EndGlobalSection
	GlobalSection(SolutionProperties) = preSolution
		HideSolutionNode = FALSE
	EndGlobalSection
EndGlobal
